
Microsoft Visual Studio Solution File, Format Version 12.00
# Visual Studio Version 17
VisualStudioVersion = 17.14.36301.6 d17.14
MinimumVisualStudioVersion = 10.0.40219.1
Project("{FAE04EC0-301F-11D3-BF4B-00C04F79EFBC}") = "LearnCICD", "LearnCICD\LearnCICD.csproj", "{17F7DF6B-9AB0-4F43-8489-A37F1C4BF07B}"
EndProject
Global
	GlobalSection(SolutionConfigurationPlatforms) = preSolution
		Debug|Any CPU = Debug|Any CPU
		Release|Any CPU = Release|Any CPU
	EndGlobalSection
	GlobalSection(ProjectConfigurationPlatforms) = postSolution
		{17F7DF6B-9AB0-4F43-8489-A37F1C4BF07B}.Debug|Any CPU.ActiveCfg = Debug|Any CPU
		{17F7DF6B-9AB0-4F43-8489-A37F1C4BF07B}.Debug|Any CPU.Build.0 = Debug|Any CPU
		{17F7DF6B-9AB0-4F43-8489-A37F1C4BF07B}.Release|Any CPU.ActiveCfg = Release|Any CPU
		{17F7DF6B-9AB0-4F43-8489-A37F1C4BF07B}.Release|Any CPU.Build.0 = Release|Any CPU
	EndGlobalSection
	GlobalSection(SolutionProperties) = preSolution
		HideSolutionNode = FALSE
	EndGlobalSection
	GlobalSection(ExtensibilityGlobals) = postSolution
		SolutionGuid = {6293F044-51C0-44C9-8E1B-5A5756D40E89}
	EndGlobalSection
EndGlobal
